
Microsoft Visual Studio Solution File, Format Version 12.00
# Visual Studio Version 17
VisualStudioVersion = 17.5.002.0
MinimumVisualStudioVersion = 10.0.40219.1
Project("{9A19103F-16F7-4668-BE54-9A1E7A4F7556}") = "ProInvestAPI", "ProInvestAPI.csproj", "{17E9E79B-83C1-4FBA-A5C4-BCB970AB8440}"
EndProject
Global
	GlobalSection(SolutionConfigurationPlatforms) = preSolution
		Debug|Any CPU = Debug|Any CPU
		Release|Any CPU = Release|Any CPU
	EndGlobalSection
	GlobalSection(ProjectConfigurationPlatforms) = postSolution
		{17E9E79B-83C1-4FBA-A5C4-BCB970AB8440}.Debug|Any CPU.ActiveCfg = Debug|Any CPU
		{17E9E79B-83C1-4FBA-A5C4-BCB970AB8440}.Debug|Any CPU.Build.0 = Debug|Any CPU
		{17E9E79B-83C1-4FBA-A5C4-BCB970AB8440}.Release|Any CPU.ActiveCfg = Release|Any CPU
		{17E9E79B-83C1-4FBA-A5C4-BCB970AB8440}.Release|Any CPU.Build.0 = Release|Any CPU
	EndGlobalSection
	GlobalSection(SolutionProperties) = preSolution
		HideSolutionNode = FALSE
	EndGlobalSection
	GlobalSection(ExtensibilityGlobals) = postSolution
		SolutionGuid = {1ADF1EE0-120F-46FA-9081-3C9B9DB29DFA}
	EndGlobalSection
EndGlobal
